// !$*UTF8*$!
{
	archiveVersion = 1;
	classes = {
	};
	objectVersion = 46;
	objects = {

/* Begin PBXBuildFile section */
		45AEC8B71C4EC7D600F7BDFF /* FDWaveformView.m in Sources */ = {isa = PBXBuildFile; fileRef = 45AEC8B61C4EC7D600F7BDFF /* FDWaveformView.m */; };
		45F91E9E1C4D66910040B260 /* main.m in Sources */ = {isa = PBXBuildFile; fileRef = 45F91E9D1C4D66910040B260 /* main.m */; };
		45F91EA11C4D66910040B260 /* AppDelegate.m in Sources */ = {isa = PBXBuildFile; fileRef = 45F91EA01C4D66910040B260 /* AppDelegate.m */; };
		45F91EA91C4D66910040B260 /* Assets.xcassets in Resources */ = {isa = PBXBuildFile; fileRef = 45F91EA81C4D66910040B260 /* Assets.xcassets */; };
		45F91EAC1C4D66910040B260 /* LaunchScreen.storyboard in Resources */ = {isa = PBXBuildFile; fileRef = 45F91EAA1C4D66910040B260 /* LaunchScreen.storyboard */; };
		45F91EB71C4D66910040B260 /* Sound_PlayerTests.m in Sources */ = {isa = PBXBuildFile; fileRef = 45F91EB61C4D66910040B260 /* Sound_PlayerTests.m */; };
		45F91EC21C4D66910040B260 /* Sound_PlayerUITests.m in Sources */ = {isa = PBXBuildFile; fileRef = 45F91EC11C4D66910040B260 /* Sound_PlayerUITests.m */; };
		45F91ED31C4D6A840040B260 /* EASoundManager.m in Sources */ = {isa = PBXBuildFile; fileRef = 45F91ED21C4D6A840040B260 /* EASoundManager.m */; };
		45F91ED61C4D75850040B260 /* SPSoundFileCell.m in Sources */ = {isa = PBXBuildFile; fileRef = 45F91ED51C4D75850040B260 /* SPSoundFileCell.m */; };
		45F91ED91C4D76EB0040B260 /* SPViewController.m in Sources */ = {isa = PBXBuildFile; fileRef = 45F91ED81C4D76EB0040B260 /* SPViewController.m */; };
		45F91F141C4DBDA50040B260 /* Main.storyboard in Resources */ = {isa = PBXBuildFile; fileRef = 45F91F131C4DBDA50040B260 /* Main.storyboard */; };
		45F91FB71C4E20570040B260 /* Sounds in Resources */ = {isa = PBXBuildFile; fileRef = 45F91FB61C4E20570040B260 /* Sounds */; };
/* End PBXBuildFile section */

/* Begin PBXContainerItemProxy section */
		45F91EB31C4D66910040B260 /* PBXContainerItemProxy */ = {
			isa = PBXContainerItemProxy;
			containerPortal = 45F91E911C4D66910040B260 /* Project object */;
			proxyType = 1;
			remoteGlobalIDString = 45F91E981C4D66910040B260;
			remoteInfo = "Sound Player";
		};
		45F91EBE1C4D66910040B260 /* PBXContainerItemProxy */ = {
			isa = PBXContainerItemProxy;
			containerPortal = 45F91E911C4D66910040B260 /* Project object */;
			proxyType = 1;
			remoteGlobalIDString = 45F91E981C4D66910040B260;
			remoteInfo = "Sound Player";
		};
/* End PBXContainerItemProxy section */

/* Begin PBXFileReference section */
		45AEC8B51C4EC7D600F7BDFF /* FDWaveformView.h */ = {isa = PBXFileReference; fileEncoding = 4; lastKnownFileType = sourcecode.c.h; name = FDWaveformView.h; path = "Sound Player/FDWaveformView.h"; sourceTree = "<group>"; };
		45AEC8B61C4EC7D600F7BDFF /* FDWaveformView.m */ = {isa = PBXFileReference; fileEncoding = 4; lastKnownFileType = sourcecode.c.objc; name = FDWaveformView.m; path = "Sound Player/FDWaveformView.m"; sourceTree = "<group>"; };
		45F91E991C4D66910040B260 /* Sound Player.app */ = {isa = PBXFileReference; explicitFileType = wrapper.application; includeInIndex = 0; path = "Sound Player.app"; sourceTree = BUILT_PRODUCTS_DIR; };
		45F91E9D1C4D66910040B260 /* main.m */ = {isa = PBXFileReference; lastKnownFileType = sourcecode.c.objc; path = main.m; sourceTree = "<group>"; };
		45F91E9F1C4D66910040B260 /* AppDelegate.h */ = {isa = PBXFileReference; lastKnownFileType = sourcecode.c.h; path = AppDelegate.h; sourceTree = "<group>"; };
		45F91EA01C4D66910040B260 /* AppDelegate.m */ = {isa = PBXFileReference; lastKnownFileType = sourcecode.c.objc; path = AppDelegate.m; sourceTree = "<group>"; };
		45F91EA81C4D66910040B260 /* Assets.xcassets */ = {isa = PBXFileReference; lastKnownFileType = folder.assetcatalog; path = Assets.xcassets; sourceTree = "<group>"; };
		45F91EAB1C4D66910040B260 /* Base */ = {isa = PBXFileReference; lastKnownFileType = file.storyboard; name = Base; path = Base.lproj/LaunchScreen.storyboard; sourceTree = "<group>"; };
		45F91EAD1C4D66910040B260 /* Info.plist */ = {isa = PBXFileReference; lastKnownFileType = text.plist.xml; path = Info.plist; sourceTree = "<group>"; };
		45F91EB21C4D66910040B260 /* Sound PlayerTests.xctest */ = {isa = PBXFileReference; explicitFileType = wrapper.cfbundle; includeInIndex = 0; path = "Sound PlayerTests.xctest"; sourceTree = BUILT_PRODUCTS_DIR; };
		45F91EB61C4D66910040B260 /* Sound_PlayerTests.m */ = {isa = PBXFileReference; lastKnownFileType = sourcecode.c.objc; path = Sound_PlayerTests.m; sourceTree = "<group>"; };
		45F91EB81C4D66910040B260 /* Info.plist */ = {isa = PBXFileReference; lastKnownFileType = text.plist.xml; path = Info.plist; sourceTree = "<group>"; };
		45F91EBD1C4D66910040B260 /* Sound PlayerUITests.xctest */ = {isa = PBXFileReference; explicitFileType = wrapper.cfbundle; includeInIndex = 0; path = "Sound PlayerUITests.xctest"; sourceTree = BUILT_PRODUCTS_DIR; };
		45F91EC11C4D66910040B260 /* Sound_PlayerUITests.m */ = {isa = PBXFileReference; lastKnownFileType = sourcecode.c.objc; path = Sound_PlayerUITests.m; sourceTree = "<group>"; };
		45F91EC31C4D66910040B260 /* Info.plist */ = {isa = PBXFileReference; lastKnownFileType = text.plist.xml; path = Info.plist; sourceTree = "<group>"; };
		45F91ED11C4D6A840040B260 /* EASoundManager.h */ = {isa = PBXFileReference; fileEncoding = 4; lastKnownFileType = sourcecode.c.h; path = EASoundManager.h; sourceTree = "<group>"; };
		45F91ED21C4D6A840040B260 /* EASoundManager.m */ = {isa = PBXFileReference; fileEncoding = 4; lastKnownFileType = sourcecode.c.objc; path = EASoundManager.m; sourceTree = "<group>"; };
		45F91ED41C4D75850040B260 /* SPSoundFileCell.h */ = {isa = PBXFileReference; fileEncoding = 4; lastKnownFileType = sourcecode.c.h; path = SPSoundFileCell.h; sourceTree = "<group>"; };
		45F91ED51C4D75850040B260 /* SPSoundFileCell.m */ = {isa = PBXFileReference; fileEncoding = 4; lastKnownFileType = sourcecode.c.objc; path = SPSoundFileCell.m; sourceTree = "<group>"; };
		45F91ED71C4D76EB0040B260 /* SPViewController.h */ = {isa = PBXFileReference; fileEncoding = 4; lastKnownFileType = sourcecode.c.h; path = SPViewController.h; sourceTree = "<group>"; };
		45F91ED81C4D76EB0040B260 /* SPViewController.m */ = {isa = PBXFileReference; fileEncoding = 4; lastKnownFileType = sourcecode.c.objc; path = SPViewController.m; sourceTree = "<group>"; };
		45F91F131C4DBDA50040B260 /* Main.storyboard */ = {isa = PBXFileReference; fileEncoding = 4; lastKnownFileType = file.storyboard; path = Main.storyboard; sourceTree = "<group>"; };
		45F91FB61C4E20570040B260 /* Sounds */ = {isa = PBXFileReference; lastKnownFileType = folder; path = Sounds; sourceTree = "<group>"; };
/* End PBXFileReference section */

/* Begin PBXFrameworksBuildPhase section */
		45F91E961C4D66910040B260 /* Frameworks */ = {
			isa = PBXFrameworksBuildPhase;
			buildActionMask = 2147483647;
			files = (
			);
			runOnlyForDeploymentPostprocessing = 0;
		};
		45F91EAF1C4D66910040B260 /* Frameworks */ = {
			isa = PBXFrameworksBuildPhase;
			buildActionMask = 2147483647;
			files = (
			);
			runOnlyForDeploymentPostprocessing = 0;
		};
		45F91EBA1C4D66910040B260 /* Frameworks */ = {
			isa = PBXFrameworksBuildPhase;
			buildActionMask = 2147483647;
			files = (
			);
			runOnlyForDeploymentPostprocessing = 0;
		};
/* End PBXFrameworksBuildPhase section */

/* Begin PBXGroup section */
		45AEC8B81C4F199000F7BDFF /* Open Source  */ = {
			isa = PBXGroup;
			children = (
				45AEC8B51C4EC7D600F7BDFF /* FDWaveformView.h */,
				45AEC8B61C4EC7D600F7BDFF /* FDWaveformView.m */,
			);
			name = "Open Source ";
			sourceTree = "<group>";
		};
		45F91E901C4D66910040B260 = {
			isa = PBXGroup;
			children = (
				45F91FB61C4E20570040B260 /* Sounds */,
				45AEC8B81C4F199000F7BDFF /* Open Source  */,
				45F91E9B1C4D66910040B260 /* Sound Player */,
				45F91EB51C4D66910040B260 /* Sound PlayerTests */,
				45F91EC01C4D66910040B260 /* Sound PlayerUITests */,
				45F91E9A1C4D66910040B260 /* Products */,
			);
			sourceTree = "<group>";
		};
		45F91E9A1C4D66910040B260 /* Products */ = {
			isa = PBXGroup;
			children = (
				45F91E991C4D66910040B260 /* Sound Player.app */,
				45F91EB21C4D66910040B260 /* Sound PlayerTests.xctest */,
				45F91EBD1C4D66910040B260 /* Sound PlayerUITests.xctest */,
			);
			name = Products;
			sourceTree = "<group>";
		};
		45F91E9B1C4D66910040B260 /* Sound Player */ = {
			isa = PBXGroup;
			children = (
				45F91E9F1C4D66910040B260 /* AppDelegate.h */,
				45F91EA01C4D66910040B260 /* AppDelegate.m */,
				45F91ED11C4D6A840040B260 /* EASoundManager.h */,
				45F91ED21C4D6A840040B260 /* EASoundManager.m */,
				45F91ED41C4D75850040B260 /* SPSoundFileCell.h */,
				45F91ED51C4D75850040B260 /* SPSoundFileCell.m */,
				45F91ED71C4D76EB0040B260 /* SPViewController.h */,
				45F91ED81C4D76EB0040B260 /* SPViewController.m */,
				45F91F131C4DBDA50040B260 /* Main.storyboard */,
				45F91EA81C4D66910040B260 /* Assets.xcassets */,
				45F91EAA1C4D66910040B260 /* LaunchScreen.storyboard */,
				45F91EAD1C4D66910040B260 /* Info.plist */,
				45F91E9C1C4D66910040B260 /* Supporting Files */,
			);
			path = "Sound Player";
			sourceTree = "<group>";
		};
		45F91E9C1C4D66910040B260 /* Supporting Files */ = {
			isa = PBXGroup;
			children = (
				45F91E9D1C4D66910040B260 /* main.m */,
			);
			name = "Supporting Files";
			sourceTree = "<group>";
		};
		45F91EB51C4D66910040B260 /* Sound PlayerTests */ = {
			isa = PBXGroup;
			children = (
				45F91EB61C4D66910040B260 /* Sound_PlayerTests.m */,
				45F91EB81C4D66910040B260 /* Info.plist */,
			);
			path = "Sound PlayerTests";
			sourceTree = "<group>";
		};
		45F91EC01C4D66910040B260 /* Sound PlayerUITests */ = {
			isa = PBXGroup;
			children = (
				45F91EC11C4D66910040B260 /* Sound_PlayerUITests.m */,
				45F91EC31C4D66910040B260 /* Info.plist */,
			);
			path = "Sound PlayerUITests";
			sourceTree = "<group>";
		};
/* End PBXGroup section */

/* Begin PBXNativeTarget section */
		45F91E981C4D66910040B260 /* Sound Player */ = {
			isa = PBXNativeTarget;
			buildConfigurationList = 45F91EC61C4D66910040B260 /* Build configuration list for PBXNativeTarget "Sound Player" */;
			buildPhases = (
				45F91E951C4D66910040B260 /* Sources */,
				45F91E961C4D66910040B260 /* Frameworks */,
				45F91E971C4D66910040B260 /* Resources */,
			);
			buildRules = (
			);
			dependencies = (
			);
			name = "Sound Player";
			productName = "Sound Player";
			productReference = 45F91E991C4D66910040B260 /* Sound Player.app */;
			productType = "com.apple.product-type.application";
		};
		45F91EB11C4D66910040B260 /* Sound PlayerTests */ = {
			isa = PBXNativeTarget;
			buildConfigurationList = 45F91EC91C4D66910040B260 /* Build configuration list for PBXNativeTarget "Sound PlayerTests" */;
			buildPhases = (
				45F91EAE1C4D66910040B260 /* Sources */,
				45F91EAF1C4D66910040B260 /* Frameworks */,
				45F91EB01C4D66910040B260 /* Resources */,
			);
			buildRules = (
			);
			dependencies = (
				45F91EB41C4D66910040B260 /* PBXTargetDependency */,
			);
			name = "Sound PlayerTests";
			productName = "Sound PlayerTests";
			productReference = 45F91EB21C4D66910040B260 /* Sound PlayerTests.xctest */;
			productType = "com.apple.product-type.bundle.unit-test";
		};
		45F91EBC1C4D66910040B260 /* Sound PlayerUITests */ = {
			isa = PBXNativeTarget;
			buildConfigurationList = 45F91ECC1C4D66910040B260 /* Build configuration list for PBXNativeTarget "Sound PlayerUITests" */;
			buildPhases = (
				45F91EB91C4D66910040B260 /* Sources */,
				45F91EBA1C4D66910040B260 /* Frameworks */,
				45F91EBB1C4D66910040B260 /* Resources */,
			);
			buildRules = (
			);
			dependencies = (
				45F91EBF1C4D66910040B260 /* PBXTargetDependency */,
			);
			name = "Sound PlayerUITests";
			productName = "Sound PlayerUITests";
			productReference = 45F91EBD1C4D66910040B260 /* Sound PlayerUITests.xctest */;
			productType = "com.apple.product-type.bundle.ui-testing";
		};
/* End PBXNativeTarget section */

/* Begin PBXProject section */
		45F91E911C4D66910040B260 /* Project object */ = {
			isa = PBXProject;
			attributes = {
				LastUpgradeCheck = 0720;
				ORGANIZATIONNAME = "Le, Long";
				TargetAttributes = {
					45F91E981C4D66910040B260 = {
						CreatedOnToolsVersion = 7.2;
					};
					45F91EB11C4D66910040B260 = {
						CreatedOnToolsVersion = 7.2;
						TestTargetID = 45F91E981C4D66910040B260;
					};
					45F91EBC1C4D66910040B260 = {
						CreatedOnToolsVersion = 7.2;
						TestTargetID = 45F91E981C4D66910040B260;
					};
				};
			};
			buildConfigurationList = 45F91E941C4D66910040B260 /* Build configuration list for PBXProject "Sound Player" */;
			compatibilityVersion = "Xcode 3.2";
			developmentRegion = English;
			hasScannedForEncodings = 0;
			knownRegions = (
				en,
				Base,
			);
			mainGroup = 45F91E901C4D66910040B260;
			productRefGroup = 45F91E9A1C4D66910040B260 /* Products */;
			projectDirPath = "";
			projectRoot = "";
			targets = (
				45F91E981C4D66910040B260 /* Sound Player */,
				45F91EB11C4D66910040B260 /* Sound PlayerTests */,
				45F91EBC1C4D66910040B260 /* Sound PlayerUITests */,
			);
		};
/* End PBXProject section */

/* Begin PBXResourcesBuildPhase section */
		45F91E971C4D66910040B260 /* Resources */ = {
			isa = PBXResourcesBuildPhase;
			buildActionMask = 2147483647;
			files = (
				45F91EAC1C4D66910040B260 /* LaunchScreen.storyboard in Resources */,
				45F91EA91C4D66910040B260 /* Assets.xcassets in Resources */,
				45F91FB71C4E20570040B260 /* Sounds in Resources */,
				45F91F141C4DBDA50040B260 /* Main.storyboard in Resources */,
			);
			runOnlyForDeploymentPostprocessing = 0;
		};
		45F91EB01C4D66910040B260 /* Resources */ = {
			isa = PBXResourcesBuildPhase;
			buildActionMask = 2147483647;
			files = (
			);
			runOnlyForDeploymentPostprocessing = 0;
		};
		45F91EBB1C4D66910040B260 /* Resources */ = {
			isa = PBXResourcesBuildPhase;
			buildActionMask = 2147483647;
			files = (
			);
			runOnlyForDeploymentPostprocessing = 0;
		};
/* End PBXResourcesBuildPhase section */

/* Begin PBXSourcesBuildPhase section */
		45F91E951C4D66910040B260 /* Sources */ = {
			isa = PBXSourcesBuildPhase;
			buildActionMask = 2147483647;
			files = (
				45F91ED31C4D6A840040B260 /* EASoundManager.m in Sources */,
				45F91ED61C4D75850040B260 /* SPSoundFileCell.m in Sources */,
				45F91EA11C4D66910040B260 /* AppDelegate.m in Sources */,
				45F91ED91C4D76EB0040B260 /* SPViewController.m in Sources */,
				45F91E9E1C4D66910040B260 /* main.m in Sources */,
				45AEC8B71C4EC7D600F7BDFF /* FDWaveformView.m in Sources */,
			);
			runOnlyForDeploymentPostprocessing = 0;
		};
		45F91EAE1C4D66910040B260 /* Sources */ = {
			isa = PBXSourcesBuildPhase;
			buildActionMask = 2147483647;
			files = (
				45F91EB71C4D66910040B260 /* Sound_PlayerTests.m in Sources */,
			);
			runOnlyForDeploymentPostprocessing = 0;
		};
		45F91EB91C4D66910040B260 /* Sources */ = {
			isa = PBXSourcesBuildPhase;
			buildActionMask = 2147483647;
			files = (
				45F91EC21C4D66910040B260 /* Sound_PlayerUITests.m in Sources */,
			);
			runOnlyForDeploymentPostprocessing = 0;
		};
/* End PBXSourcesBuildPhase section */

/* Begin PBXTargetDependency section */
		45F91EB41C4D66910040B260 /* PBXTargetDependency */ = {
			isa = PBXTargetDependency;
			target = 45F91E981C4D66910040B260 /* Sound Player */;
			targetProxy = 45F91EB31C4D66910040B260 /* PBXContainerItemProxy */;
		};
		45F91EBF1C4D66910040B260 /* PBXTargetDependency */ = {
			isa = PBXTargetDependency;
			target = 45F91E981C4D66910040B260 /* Sound Player */;
			targetProxy = 45F91EBE1C4D66910040B260 /* PBXContainerItemProxy */;
		};
/* End PBXTargetDependency section */

/* Begin PBXVariantGroup section */
		45F91EAA1C4D66910040B260 /* LaunchScreen.storyboard */ = {
			isa = PBXVariantGroup;
			children = (
				45F91EAB1C4D66910040B260 /* Base */,
			);
			name = LaunchScreen.storyboard;
			sourceTree = "<group>";
		};
/* End PBXVariantGroup section */

/* Begin XCBuildConfiguration section */
		45F91EC41C4D66910040B260 /* Debug */ = {
			isa = XCBuildConfiguration;
			buildSettings = {
				ALWAYS_SEARCH_USER_PATHS = NO;
				CLANG_CXX_LANGUAGE_STANDARD = "gnu++0x";
				CLANG_CXX_LIBRARY = "libc++";
				CLANG_ENABLE_MODULES = YES;
				CLANG_ENABLE_OBJC_ARC = YES;
				CLANG_WARN_BOOL_CONVERSION = YES;
				CLANG_WARN_CONSTANT_CONVERSION = YES;
				CLANG_WARN_DIRECT_OBJC_ISA_USAGE = YES_ERROR;
				CLANG_WARN_EMPTY_BODY = YES;
				CLANG_WARN_ENUM_CONVERSION = YES;
				CLANG_WARN_INT_CONVERSION = YES;
				CLANG_WARN_OBJC_ROOT_CLASS = YES_ERROR;
				CLANG_WARN_UNREACHABLE_CODE = YES;
				CLANG_WARN__DUPLICATE_METHOD_MATCH = YES;
				"CODE_SIGN_IDENTITY[sdk=iphoneos*]" = "iPhone Developer";
				COPY_PHASE_STRIP = NO;
				DEBUG_INFORMATION_FORMAT = dwarf;
				ENABLE_STRICT_OBJC_MSGSEND = YES;
				ENABLE_TESTABILITY = YES;
				GCC_C_LANGUAGE_STANDARD = gnu99;
				GCC_DYNAMIC_NO_PIC = NO;
				GCC_NO_COMMON_BLOCKS = YES;
				GCC_OPTIMIZATION_LEVEL = 0;
				GCC_PREPROCESSOR_DEFINITIONS = (
					"DEBUG=1",
					"$(inherited)",
				);
				GCC_WARN_64_TO_32_BIT_CONVERSION = YES;
				GCC_WARN_ABOUT_RETURN_TYPE = YES_ERROR;
				GCC_WARN_UNDECLARED_SELECTOR = YES;
				GCC_WARN_UNINITIALIZED_AUTOS = YES_AGGRESSIVE;
				GCC_WARN_UNUSED_FUNCTION = YES;
				GCC_WARN_UNUSED_VARIABLE = YES;
				IPHONEOS_DEPLOYMENT_TARGET = 9.2;
				MTL_ENABLE_DEBUG_INFO = YES;
				ONLY_ACTIVE_ARCH = YES;
				SDKROOT = iphoneos;
			};
			name = Debug;
		};
		45F91EC51C4D66910040B260 /* Release */ = {
			isa = XCBuildConfiguration;
			buildSettings = {
				ALWAYS_SEARCH_USER_PATHS = NO;
				CLANG_CXX_LANGUAGE_STANDARD = "gnu++0x";
				CLANG_CXX_LIBRARY = "libc++";
				CLANG_ENABLE_MODULES = YES;
				CLANG_ENABLE_OBJC_ARC = YES;
				CLANG_WARN_BOOL_CONVERSION = YES;
				CLANG_WARN_CONSTANT_CONVERSION = YES;
				CLANG_WARN_DIRECT_OBJC_ISA_USAGE = YES_ERROR;
				CLANG_WARN_EMPTY_BODY = YES;
				CLANG_WARN_ENUM_CONVERSION = YES;
				CLANG_WARN_INT_CONVERSION = YES;
				CLANG_WARN_OBJC_ROOT_CLASS = YES_ERROR;
				CLANG_WARN_UNREACHABLE_CODE = YES;
				CLANG_WARN__DUPLICATE_METHOD_MATCH = YES;
				"CODE_SIGN_IDENTITY[sdk=iphoneos*]" = "iPhone Developer";
				COPY_PHASE_STRIP = NO;
				DEBUG_INFORMATION_FORMAT = "dwarf-with-dsym";
				ENABLE_NS_ASSERTIONS = NO;
				ENABLE_STRICT_OBJC_MSGSEND = YES;
				GCC_C_LANGUAGE_STANDARD = gnu99;
				GCC_NO_COMMON_BLOCKS = YES;
				GCC_WARN_64_TO_32_BIT_CONVERSION = YES;
				GCC_WARN_ABOUT_RETURN_TYPE = YES_ERROR;
				GCC_WARN_UNDECLARED_SELECTOR = YES;
				GCC_WARN_UNINITIALIZED_AUTOS = YES_AGGRESSIVE;
				GCC_WARN_UNUSED_FUNCTION = YES;
				GCC_WARN_UNUSED_VARIABLE = YES;
				IPHONEOS_DEPLOYMENT_TARGET = 9.2;
				MTL_ENABLE_DEBUG_INFO = NO;
				SDKROOT = iphoneos;
				VALIDATE_PRODUCT = YES;
			};
			name = Release;
		};
		45F91EC71C4D66910040B260 /* Debug */ = {
			isa = XCBuildConfiguration;
			buildSettings = {
				ASSETCATALOG_COMPILER_APPICON_NAME = AppIcon;
				INFOPLIST_FILE = "Sound Player/Info.plist";
				IPHONEOS_DEPLOYMENT_TARGET = 7.0;
				LD_RUNPATH_SEARCH_PATHS = "$(inherited) @executable_path/Frameworks";
				PRODUCT_BUNDLE_IDENTIFIER = "Startled-Monocle.Sound-Player";
				PRODUCT_NAME = "$(TARGET_NAME)";
			};
			name = Debug;
		};
		45F91EC81C4D66910040B260 /* Release */ = {
			isa = XCBuildConfiguration;
			buildSettings = {
				ASSETCATALOG_COMPILER_APPICON_NAME = AppIcon;
				INFOPLIST_FILE = "Sound Player/Info.plist";
				IPHONEOS_DEPLOYMENT_TARGET = 7.0;
				LD_RUNPATH_SEARCH_PATHS = "$(inherited) @executable_path/Frameworks";
				PRODUCT_BUNDLE_IDENTIFIER = "Startled-Monocle.Sound-Player";
				PRODUCT_NAME = "$(TARGET_NAME)";
			};
			name = Release;
		};
		45F91ECA1C4D66910040B260 /* Debug */ = {
			isa = XCBuildConfiguration;
			buildSettings = {
				BUNDLE_LOADER = "$(TEST_HOST)";
				INFOPLIST_FILE = "Sound PlayerTests/Info.plist";
				LD_RUNPATH_SEARCH_PATHS = "$(inherited) @executable_path/Frameworks @loader_path/Frameworks";
				PRODUCT_BUNDLE_IDENTIFIER = "Startled-Monocle.Sound-PlayerTests";
				PRODUCT_NAME = "$(TARGET_NAME)";
				TEST_HOST = "$(BUILT_PRODUCTS_DIR)/Sound Player.app/Sound Player";
			};
			name = Debug;
		};
		45F91ECB1C4D66910040B260 /* Release */ = {
			isa = XCBuildConfiguration;
			buildSettings = {
				BUNDLE_LOADER = "$(TEST_HOST)";
				INFOPLIST_FILE = "Sound PlayerTests/Info.plist";
				LD_RUNPATH_SEARCH_PATHS = "$(inherited) @executable_path/Frameworks @loader_path/Frameworks";
				PRODUCT_BUNDLE_IDENTIFIER = "Startled-Monocle.Sound-PlayerTests";
				PRODUCT_NAME = "$(TARGET_NAME)";
				TEST_HOST = "$(BUILT_PRODUCTS_DIR)/Sound Player.app/Sound Player";
			};
			name = Release;
		};
		45F91ECD1C4D66910040B260 /* Debug */ = {
			isa = XCBuildConfiguration;
			buildSettings = {
				INFOPLIST_FILE = "Sound PlayerUITests/Info.plist";
				LD_RUNPATH_SEARCH_PATHS = "$(inherited) @executable_path/Frameworks @loader_path/Frameworks";
				PRODUCT_BUNDLE_IDENTIFIER = "Startled-Monocle.Sound-PlayerUITests";
				PRODUCT_NAME = "$(TARGET_NAME)";
				TEST_TARGET_NAME = "Sound Player";
				USES_XCTRUNNER = YES;
			};
			name = Debug;
		};
		45F91ECE1C4D66910040B260 /* Release */ = {
			isa = XCBuildConfiguration;
			buildSettings = {
				INFOPLIST_FILE = "Sound PlayerUITests/Info.plist";
				LD_RUNPATH_SEARCH_PATHS = "$(inherited) @executable_path/Frameworks @loader_path/Frameworks";
				PRODUCT_BUNDLE_IDENTIFIER = "Startled-Monocle.Sound-PlayerUITests";
				PRODUCT_NAME = "$(TARGET_NAME)";
				TEST_TARGET_NAME = "Sound Player";
				USES_XCTRUNNER = YES;
			};
			name = Release;
		};
/* End XCBuildConfiguration section */

/* Begin XCConfigurationList section */
		45F91E941C4D66910040B260 /* Build configuration list for PBXProject "Sound Player" */ = {
			isa = XCConfigurationList;
			buildConfigurations = (
				45F91EC41C4D66910040B260 /* Debug */,
				45F91EC51C4D66910040B260 /* Release */,
			);
			defaultConfigurationIsVisible = 0;
			defaultConfigurationName = Release;
		};
		45F91EC61C4D66910040B260 /* Build configuration list for PBXNativeTarget "Sound Player" */ = {
			isa = XCConfigurationList;
			buildConfigurations = (
				45F91EC71C4D66910040B260 /* Debug */,
				45F91EC81C4D66910040B260 /* Release */,
			);
			defaultConfigurationIsVisible = 0;
			defaultConfigurationName = Release;
		};
		45F91EC91C4D66910040B260 /* Build configuration list for PBXNativeTarget "Sound PlayerTests" */ = {
			isa = XCConfigurationList;
			buildConfigurations = (
				45F91ECA1C4D66910040B260 /* Debug */,
				45F91ECB1C4D66910040B260 /* Release */,
			);
			defaultConfigurationIsVisible = 0;
			defaultConfigurationName = Release;
		};
		45F91ECC1C4D66910040B260 /* Build configuration list for PBXNativeTarget "Sound PlayerUITests" */ = {
			isa = XCConfigurationList;
			buildConfigurations = (
				45F91ECD1C4D66910040B260 /* Debug */,
				45F91ECE1C4D66910040B260 /* Release */,
			);
			defaultConfigurationIsVisible = 0;
			defaultConfigurationName = Release;
		};
/* End XCConfigurationList section */
	};
	rootObject = 45F91E911C4D66910040B260 /* Project object */;
}
